
Microsoft Visual Studio Solution File, Format Version 12.00
# Visual Studio 2012
Project("{FAE04EC0-301F-11D3-BF4B-00C04F79EFBC}") = "App_Ventas", "App_Ventas\App_Ventas.csproj", "{105F022F-117B-4F2C-94BA-6AD221962F93}"
EndProject
Project("{FAE04EC0-301F-11D3-BF4B-00C04F79EFBC}") = "Capa_Datos", "Capa_Datos\Capa_Datos.csproj", "{D2D4540F-930D-403A-96A7-9E15E5F140EA}"
EndProject
Project("{FAE04EC0-301F-11D3-BF4B-00C04F79EFBC}") = "Capa_Entidad", "Capa_Entidad\Capa_Entidad.csproj", "{80E11CAB-E660-4248-8CD9-69201E1A261F}"
EndProject
Project("{FAE04EC0-301F-11D3-BF4B-00C04F79EFBC}") = "Capa_Negocio", "Capa_Negocio\Capa_Negocio.csproj", "{0B627B60-26A9-4B68-AB1E-CEE89B4E72FA}"
EndProject
Project("{FAE04EC0-301F-11D3-BF4B-00C04F79EFBC}") = "ApiCulqi", "ApiCulqi\ApiCulqi.csproj", "{A3A73208-C19C-411D-9B44-49E17B182194}"
EndProject
Project("{FAE04EC0-301F-11D3-BF4B-00C04F79EFBC}") = "Capa_Token", "Capa_Token\Capa_Token.csproj", "{7ACB2F82-A513-4A71-B2D1-497376867DD9}"
EndProject
Global
	GlobalSection(SolutionConfigurationPlatforms) = preSolution
		Debug|Any CPU = Debug|Any CPU
		Release|Any CPU = Release|Any CPU
	EndGlobalSection
	GlobalSection(ProjectConfigurationPlatforms) = postSolution
		{105F022F-117B-4F2C-94BA-6AD221962F93}.Debug|Any CPU.ActiveCfg = Debug|Any CPU
		{105F022F-117B-4F2C-94BA-6AD221962F93}.Debug|Any CPU.Build.0 = Debug|Any CPU
		{105F022F-117B-4F2C-94BA-6AD221962F93}.Release|Any CPU.ActiveCfg = Release|Any CPU
		{105F022F-117B-4F2C-94BA-6AD221962F93}.Release|Any CPU.Build.0 = Release|Any CPU
		{D2D4540F-930D-403A-96A7-9E15E5F140EA}.Debug|Any CPU.ActiveCfg = Debug|Any CPU
		{D2D4540F-930D-403A-96A7-9E15E5F140EA}.Debug|Any CPU.Build.0 = Debug|Any CPU
		{D2D4540F-930D-403A-96A7-9E15E5F140EA}.Release|Any CPU.ActiveCfg = Release|Any CPU
		{D2D4540F-930D-403A-96A7-9E15E5F140EA}.Release|Any CPU.Build.0 = Release|Any CPU
		{80E11CAB-E660-4248-8CD9-69201E1A261F}.Debug|Any CPU.ActiveCfg = Debug|Any CPU
		{80E11CAB-E660-4248-8CD9-69201E1A261F}.Debug|Any CPU.Build.0 = Debug|Any CPU
		{80E11CAB-E660-4248-8CD9-69201E1A261F}.Release|Any CPU.ActiveCfg = Release|Any CPU
		{80E11CAB-E660-4248-8CD9-69201E1A261F}.Release|Any CPU.Build.0 = Release|Any CPU
		{0B627B60-26A9-4B68-AB1E-CEE89B4E72FA}.Debug|Any CPU.ActiveCfg = Debug|Any CPU
		{0B627B60-26A9-4B68-AB1E-CEE89B4E72FA}.Debug|Any CPU.Build.0 = Debug|Any CPU
		{0B627B60-26A9-4B68-AB1E-CEE89B4E72FA}.Release|Any CPU.ActiveCfg = Release|Any CPU
		{0B627B60-26A9-4B68-AB1E-CEE89B4E72FA}.Release|Any CPU.Build.0 = Release|Any CPU
		{A3A73208-C19C-411D-9B44-49E17B182194}.Debug|Any CPU.ActiveCfg = Debug|Any CPU
		{A3A73208-C19C-411D-9B44-49E17B182194}.Debug|Any CPU.Build.0 = Debug|Any CPU
		{A3A73208-C19C-411D-9B44-49E17B182194}.Release|Any CPU.ActiveCfg = Release|Any CPU
		{A3A73208-C19C-411D-9B44-49E17B182194}.Release|Any CPU.Build.0 = Release|Any CPU
		{7ACB2F82-A513-4A71-B2D1-497376867DD9}.Debug|Any CPU.ActiveCfg = Debug|Any CPU
		{7ACB2F82-A513-4A71-B2D1-497376867DD9}.Debug|Any CPU.Build.0 = Debug|Any CPU
		{7ACB2F82-A513-4A71-B2D1-497376867DD9}.Release|Any CPU.ActiveCfg = Release|Any CPU
		{7ACB2F82-A513-4A71-B2D1-497376867DD9}.Release|Any CPU.Build.0 = Release|Any CPU
	EndGlobalSection
	GlobalSection(SolutionProperties) = preSolution
		HideSolutionNode = FALSE
	EndGlobalSection
	GlobalSection(ExtensibilityGlobals) = postSolution
		SolutionGuid = {2670D115-6918-410C-9F27-A86650A923B1}
	EndGlobalSection
EndGlobal
